
Microsoft Visual Studio Solution File, Format Version 12.00
# Visual Studio 15
VisualStudioVersion = 15.0.28307.1321
MinimumVisualStudioVersion = 10.0.40219.1
Project("{FAE04EC0-301F-11D3-BF4B-00C04F79EFBC}") = "CafeManagementSystem", "CafeManagementSystem\CafeManagementSystem.csproj", "{14D8861A-0858-488A-B1B8-56D2632791FB}"
EndProject
Global
	GlobalSection(SolutionConfigurationPlatforms) = preSolution
		Debug|Any CPU = Debug|Any CPU
		Release|Any CPU = Release|Any CPU
	EndGlobalSection
	GlobalSection(ProjectConfigurationPlatforms) = postSolution
		{14D8861A-0858-488A-B1B8-56D2632791FB}.Debug|Any CPU.ActiveCfg = Debug|Any CPU
		{14D8861A-0858-488A-B1B8-56D2632791FB}.Debug|Any CPU.Build.0 = Debug|Any CPU
		{14D8861A-0858-488A-B1B8-56D2632791FB}.Release|Any CPU.ActiveCfg = Release|Any CPU
		{14D8861A-0858-488A-B1B8-56D2632791FB}.Release|Any CPU.Build.0 = Release|Any CPU
	EndGlobalSection
	GlobalSection(SolutionProperties) = preSolution
		HideSolutionNode = FALSE
	EndGlobalSection
	GlobalSection(ExtensibilityGlobals) = postSolution
		SolutionGuid = {19E9D77A-EDF7-43CD-B491-C5A381F6649B}
	EndGlobalSection
EndGlobal
